
Microsoft Visual Studio Solution File, Format Version 12.00
# Visual Studio 15
VisualStudioVersion = 15.0.28307.539
MinimumVisualStudioVersion = 10.0.40219.1
Project("{FAE04EC0-301F-11D3-BF4B-00C04F79EFBC}") = "Faker", "Faker\Faker.csproj", "{3E0F2664-B27B-4059-B3CE-AFF59C871005}"
EndProject
Project("{FAE04EC0-301F-11D3-BF4B-00C04F79EFBC}") = "Test", "Test\Test.csproj", "{27CF90A3-A2C9-4B67-93EE-1BA7FAB56CB3}"
EndProject
Project("{FAE04EC0-301F-11D3-BF4B-00C04F79EFBC}") = "UseExample", "UseExample\UseExample.csproj", "{F94B7F23-71C0-420A-AE1D-D106DC472B16}"
EndProject
Project("{FAE04EC0-301F-11D3-BF4B-00C04F79EFBC}") = "Generators", "Faker\Generators\Generators.csproj", "{9019F101-76C4-4CF7-B168-F55C5C08D4CE}"
EndProject
Project("{2150E333-8FDC-42A3-9474-1A3956D46DE8}") = "trash", "trash", "{DB543E49-94F0-4EB0-A38F-C1C0DD950EC7}"
	ProjectSection(SolutionItems) = preProject
		trash.cs = trash.cs
	EndProjectSection
EndProject
Global
	GlobalSection(SolutionConfigurationPlatforms) = preSolution
		Debug|Any CPU = Debug|Any CPU
		Release|Any CPU = Release|Any CPU
	EndGlobalSection
	GlobalSection(ProjectConfigurationPlatforms) = postSolution
		{3E0F2664-B27B-4059-B3CE-AFF59C871005}.Debug|Any CPU.ActiveCfg = Debug|Any CPU
		{3E0F2664-B27B-4059-B3CE-AFF59C871005}.Debug|Any CPU.Build.0 = Debug|Any CPU
		{3E0F2664-B27B-4059-B3CE-AFF59C871005}.Release|Any CPU.ActiveCfg = Release|Any CPU
		{3E0F2664-B27B-4059-B3CE-AFF59C871005}.Release|Any CPU.Build.0 = Release|Any CPU
		{27CF90A3-A2C9-4B67-93EE-1BA7FAB56CB3}.Debug|Any CPU.ActiveCfg = Debug|Any CPU
		{27CF90A3-A2C9-4B67-93EE-1BA7FAB56CB3}.Debug|Any CPU.Build.0 = Debug|Any CPU
		{27CF90A3-A2C9-4B67-93EE-1BA7FAB56CB3}.Release|Any CPU.ActiveCfg = Release|Any CPU
		{27CF90A3-A2C9-4B67-93EE-1BA7FAB56CB3}.Release|Any CPU.Build.0 = Release|Any CPU
		{F94B7F23-71C0-420A-AE1D-D106DC472B16}.Debug|Any CPU.ActiveCfg = Debug|Any CPU
		{F94B7F23-71C0-420A-AE1D-D106DC472B16}.Debug|Any CPU.Build.0 = Debug|Any CPU
		{F94B7F23-71C0-420A-AE1D-D106DC472B16}.Release|Any CPU.ActiveCfg = Release|Any CPU
		{F94B7F23-71C0-420A-AE1D-D106DC472B16}.Release|Any CPU.Build.0 = Release|Any CPU
		{9019F101-76C4-4CF7-B168-F55C5C08D4CE}.Debug|Any CPU.ActiveCfg = Debug|Any CPU
		{9019F101-76C4-4CF7-B168-F55C5C08D4CE}.Debug|Any CPU.Build.0 = Debug|Any CPU
		{9019F101-76C4-4CF7-B168-F55C5C08D4CE}.Release|Any CPU.ActiveCfg = Release|Any CPU
		{9019F101-76C4-4CF7-B168-F55C5C08D4CE}.Release|Any CPU.Build.0 = Release|Any CPU
	EndGlobalSection
	GlobalSection(SolutionProperties) = preSolution
		HideSolutionNode = FALSE
	EndGlobalSection
	GlobalSection(ExtensibilityGlobals) = postSolution
		SolutionGuid = {AB6AF1DF-1B0F-41EE-9DD5-25386FD04A47}
	EndGlobalSection
EndGlobal
